{
    "name": "@loupeteam/librarybuilderproject",
    "version": "0.2.0",
    "lockfileVersion": 3,
    "requires": true,
    "packages": {
        "": {
            "name": "@loupeteam/librarybuilderproject",
            "version": "0.2.0",
            "license": "MIT",
            "dependencies": {
                "@loupeteam/iodblib": "^0.0.8",
                "@loupeteam/librarybuilderproject": "^0.3.0"
            }
        },
        "node_modules/@loupeteam/iodblib": {
            "version": "0.0.8",
            "resolved": "https://npm.pkg.github.com/download/@loupeteam/iodblib/0.0.8/4d1fa25f16c64b22a8504fcef7ee16cf80178309",
            "integrity": "sha512-HuC5BAidJSG5tVROs4UwosLnbpZ6ymrOWIGB2ScMnWWJ1sXWeMRzmDudzwjZELcyvPzeRWl3QJaO2Pq0sr+4zg==",
            "license": "Loupe Software License Agreement"
        },
        "node_modules/@loupeteam/librarybuilderproject": {
            "version": "0.3.0",
            "resolved": "https://npm.pkg.github.com/download/@loupeteam/librarybuilderproject/0.3.0/9c3c1fc98350439d618573f3b465d94e3ae1e000",
            "integrity": "sha512-kUOwhpPoqQ1DikLGFBH3c8+nsb28ayX2IpQRC0UaEg34cV4GrRoI0FvkSovc3tgrGohpyvxFPRy5C6TM5wj7JA==",
            "license": "MIT"
        }
    }
}
